
Microsoft Visual Studio Solution File, Format Version 12.00
# Visual Studio Version 17
VisualStudioVersion = 17.9.34701.34
MinimumVisualStudioVersion = 10.0.40219.1
Project("{FAE04EC0-301F-11D3-BF4B-00C04F79EFBC}") = "DevOpsApi", "DevOpsApi\DevOpsApi.csproj", "{7CC01C61-DADD-48B1-8D1A-7D987CFB4B1B}"
EndProject
Project("{E53339B2-1760-4266-BCC7-CA923CBCF16C}") = "docker-compose", "docker-compose.dcproj", "{08EE656C-4C4F-4381-824E-D3D32E7AB3C8}"
EndProject
Global
	GlobalSection(SolutionConfigurationPlatforms) = preSolution
		Debug|Any CPU = Debug|Any CPU
		Release|Any CPU = Release|Any CPU
	EndGlobalSection
	GlobalSection(ProjectConfigurationPlatforms) = postSolution
		{7CC01C61-DADD-48B1-8D1A-7D987CFB4B1B}.Debug|Any CPU.ActiveCfg = Debug|Any CPU
		{7CC01C61-DADD-48B1-8D1A-7D987CFB4B1B}.Debug|Any CPU.Build.0 = Debug|Any CPU
		{7CC01C61-DADD-48B1-8D1A-7D987CFB4B1B}.Release|Any CPU.ActiveCfg = Release|Any CPU
		{7CC01C61-DADD-48B1-8D1A-7D987CFB4B1B}.Release|Any CPU.Build.0 = Release|Any CPU
		{08EE656C-4C4F-4381-824E-D3D32E7AB3C8}.Debug|Any CPU.ActiveCfg = Debug|Any CPU
		{08EE656C-4C4F-4381-824E-D3D32E7AB3C8}.Debug|Any CPU.Build.0 = Debug|Any CPU
		{08EE656C-4C4F-4381-824E-D3D32E7AB3C8}.Release|Any CPU.ActiveCfg = Release|Any CPU
		{08EE656C-4C4F-4381-824E-D3D32E7AB3C8}.Release|Any CPU.Build.0 = Release|Any CPU
	EndGlobalSection
	GlobalSection(SolutionProperties) = preSolution
		HideSolutionNode = FALSE
	EndGlobalSection
	GlobalSection(ExtensibilityGlobals) = postSolution
		SolutionGuid = {B87AC5D0-FCF1-432E-B95F-35E3F76EF40F}
	EndGlobalSection
EndGlobal
